
Microsoft Visual Studio Solution File, Format Version 12.00
# Visual Studio Version 17
VisualStudioVersion = 17.8.34511.84
MinimumVisualStudioVersion = 10.0.40219.1
Project("{FAE04EC0-301F-11D3-BF4B-00C04F79EFBC}") = "SplashSLE.Android", "SplashSLE.Android\SplashSLE.Android.csproj", "{7FDD43B7-AF2D-4815-8C8D-4C0E25BB514C}"
EndProject
Project("{FAE04EC0-301F-11D3-BF4B-00C04F79EFBC}") = "SplashSLE.iOS", "SplashSLE.iOS\SplashSLE.iOS.csproj", "{DD1B3771-0289-404C-B42D-EEF6610A58CF}"
EndProject
Project("{FAE04EC0-301F-11D3-BF4B-00C04F79EFBC}") = "SplashSLE", "SplashSLE\SplashSLE.csproj", "{74E3891B-3600-46A3-8FD7-3593ADFB8BBB}"
EndProject
Global
	GlobalSection(SolutionConfigurationPlatforms) = preSolution
		Debug|Any CPU = Debug|Any CPU
		Debug|iPhone = Debug|iPhone
		Debug|iPhoneSimulator = Debug|iPhoneSimulator
		Release|Any CPU = Release|Any CPU
		Release|iPhone = Release|iPhone
		Release|iPhoneSimulator = Release|iPhoneSimulator
	EndGlobalSection
	GlobalSection(ProjectConfigurationPlatforms) = postSolution
		{7FDD43B7-AF2D-4815-8C8D-4C0E25BB514C}.Debug|Any CPU.ActiveCfg = Debug|Any CPU
		{7FDD43B7-AF2D-4815-8C8D-4C0E25BB514C}.Debug|Any CPU.Build.0 = Debug|Any CPU
		{7FDD43B7-AF2D-4815-8C8D-4C0E25BB514C}.Debug|Any CPU.Deploy.0 = Debug|Any CPU
		{7FDD43B7-AF2D-4815-8C8D-4C0E25BB514C}.Debug|iPhone.ActiveCfg = Debug|Any CPU
		{7FDD43B7-AF2D-4815-8C8D-4C0E25BB514C}.Debug|iPhone.Build.0 = Debug|Any CPU
		{7FDD43B7-AF2D-4815-8C8D-4C0E25BB514C}.Debug|iPhone.Deploy.0 = Debug|Any CPU
		{7FDD43B7-AF2D-4815-8C8D-4C0E25BB514C}.Debug|iPhoneSimulator.ActiveCfg = Debug|Any CPU
		{7FDD43B7-AF2D-4815-8C8D-4C0E25BB514C}.Debug|iPhoneSimulator.Build.0 = Debug|Any CPU
		{7FDD43B7-AF2D-4815-8C8D-4C0E25BB514C}.Debug|iPhoneSimulator.Deploy.0 = Debug|Any CPU
		{7FDD43B7-AF2D-4815-8C8D-4C0E25BB514C}.Release|Any CPU.ActiveCfg = Release|Any CPU
		{7FDD43B7-AF2D-4815-8C8D-4C0E25BB514C}.Release|Any CPU.Build.0 = Release|Any CPU
		{7FDD43B7-AF2D-4815-8C8D-4C0E25BB514C}.Release|Any CPU.Deploy.0 = Release|Any CPU
		{7FDD43B7-AF2D-4815-8C8D-4C0E25BB514C}.Release|iPhone.ActiveCfg = Release|Any CPU
		{7FDD43B7-AF2D-4815-8C8D-4C0E25BB514C}.Release|iPhone.Build.0 = Release|Any CPU
		{7FDD43B7-AF2D-4815-8C8D-4C0E25BB514C}.Release|iPhone.Deploy.0 = Release|Any CPU
		{7FDD43B7-AF2D-4815-8C8D-4C0E25BB514C}.Release|iPhoneSimulator.ActiveCfg = Release|Any CPU
		{7FDD43B7-AF2D-4815-8C8D-4C0E25BB514C}.Release|iPhoneSimulator.Build.0 = Release|Any CPU
		{7FDD43B7-AF2D-4815-8C8D-4C0E25BB514C}.Release|iPhoneSimulator.Deploy.0 = Release|Any CPU
		{DD1B3771-0289-404C-B42D-EEF6610A58CF}.Debug|Any CPU.ActiveCfg = Debug|iPhone
		{DD1B3771-0289-404C-B42D-EEF6610A58CF}.Debug|Any CPU.Build.0 = Debug|iPhone
		{DD1B3771-0289-404C-B42D-EEF6610A58CF}.Debug|Any CPU.Deploy.0 = Debug|iPhone
		{DD1B3771-0289-404C-B42D-EEF6610A58CF}.Debug|iPhone.ActiveCfg = Debug|iPhone
		{DD1B3771-0289-404C-B42D-EEF6610A58CF}.Debug|iPhone.Build.0 = Debug|iPhone
		{DD1B3771-0289-404C-B42D-EEF6610A58CF}.Debug|iPhone.Deploy.0 = Debug|iPhone
		{DD1B3771-0289-404C-B42D-EEF6610A58CF}.Debug|iPhoneSimulator.ActiveCfg = Debug|iPhoneSimulator
		{DD1B3771-0289-404C-B42D-EEF6610A58CF}.Debug|iPhoneSimulator.Build.0 = Debug|iPhoneSimulator
		{DD1B3771-0289-404C-B42D-EEF6610A58CF}.Debug|iPhoneSimulator.Deploy.0 = Debug|iPhoneSimulator
		{DD1B3771-0289-404C-B42D-EEF6610A58CF}.Release|Any CPU.ActiveCfg = Release|iPhoneSimulator
		{DD1B3771-0289-404C-B42D-EEF6610A58CF}.Release|Any CPU.Build.0 = Release|iPhoneSimulator
		{DD1B3771-0289-404C-B42D-EEF6610A58CF}.Release|Any CPU.Deploy.0 = Release|iPhoneSimulator
		{DD1B3771-0289-404C-B42D-EEF6610A58CF}.Release|iPhone.ActiveCfg = Release|iPhone
		{DD1B3771-0289-404C-B42D-EEF6610A58CF}.Release|iPhone.Build.0 = Release|iPhone
		{DD1B3771-0289-404C-B42D-EEF6610A58CF}.Release|iPhone.Deploy.0 = Release|iPhone
		{DD1B3771-0289-404C-B42D-EEF6610A58CF}.Release|iPhoneSimulator.ActiveCfg = Release|iPhoneSimulator
		{DD1B3771-0289-404C-B42D-EEF6610A58CF}.Release|iPhoneSimulator.Build.0 = Release|iPhoneSimulator
		{DD1B3771-0289-404C-B42D-EEF6610A58CF}.Release|iPhoneSimulator.Deploy.0 = Release|iPhoneSimulator
		{74E3891B-3600-46A3-8FD7-3593ADFB8BBB}.Debug|Any CPU.ActiveCfg = Debug|Any CPU
		{74E3891B-3600-46A3-8FD7-3593ADFB8BBB}.Debug|Any CPU.Build.0 = Debug|Any CPU
		{74E3891B-3600-46A3-8FD7-3593ADFB8BBB}.Debug|Any CPU.Deploy.0 = Debug|Any CPU
		{74E3891B-3600-46A3-8FD7-3593ADFB8BBB}.Debug|iPhone.ActiveCfg = Debug|Any CPU
		{74E3891B-3600-46A3-8FD7-3593ADFB8BBB}.Debug|iPhone.Build.0 = Debug|Any CPU
		{74E3891B-3600-46A3-8FD7-3593ADFB8BBB}.Debug|iPhone.Deploy.0 = Debug|Any CPU
		{74E3891B-3600-46A3-8FD7-3593ADFB8BBB}.Debug|iPhoneSimulator.ActiveCfg = Debug|Any CPU
		{74E3891B-3600-46A3-8FD7-3593ADFB8BBB}.Debug|iPhoneSimulator.Build.0 = Debug|Any CPU
		{74E3891B-3600-46A3-8FD7-3593ADFB8BBB}.Debug|iPhoneSimulator.Deploy.0 = Debug|Any CPU
		{74E3891B-3600-46A3-8FD7-3593ADFB8BBB}.Release|Any CPU.ActiveCfg = Release|Any CPU
		{74E3891B-3600-46A3-8FD7-3593ADFB8BBB}.Release|Any CPU.Build.0 = Release|Any CPU
		{74E3891B-3600-46A3-8FD7-3593ADFB8BBB}.Release|Any CPU.Deploy.0 = Release|Any CPU
		{74E3891B-3600-46A3-8FD7-3593ADFB8BBB}.Release|iPhone.ActiveCfg = Release|Any CPU
		{74E3891B-3600-46A3-8FD7-3593ADFB8BBB}.Release|iPhone.Build.0 = Release|Any CPU
		{74E3891B-3600-46A3-8FD7-3593ADFB8BBB}.Release|iPhone.Deploy.0 = Release|Any CPU
		{74E3891B-3600-46A3-8FD7-3593ADFB8BBB}.Release|iPhoneSimulator.ActiveCfg = Release|Any CPU
		{74E3891B-3600-46A3-8FD7-3593ADFB8BBB}.Release|iPhoneSimulator.Build.0 = Release|Any CPU
		{74E3891B-3600-46A3-8FD7-3593ADFB8BBB}.Release|iPhoneSimulator.Deploy.0 = Release|Any CPU
	EndGlobalSection
	GlobalSection(SolutionProperties) = preSolution
		HideSolutionNode = FALSE
	EndGlobalSection
	GlobalSection(ExtensibilityGlobals) = postSolution
		SolutionGuid = {8508AC2A-37F9-4B67-AAE7-21CAED4E69D8}
	EndGlobalSection
EndGlobal
